
Microsoft Visual Studio Solution File, Format Version 12.00
# Visual Studio Version 17
VisualStudioVersion = 17.12.35527.113
MinimumVisualStudioVersion = 10.0.40219.1
Project("{FAE04EC0-301F-11D3-BF4B-00C04F79EFBC}") = "SoftGate.ExcelParser.Core", "SoftGate.ExcelParser.Core\SoftGate.ExcelParser.Core.csproj", "{768D41B3-A88D-4B77-9560-03C657D4A94D}"
EndProject
Project("{FAE04EC0-301F-11D3-BF4B-00C04F79EFBC}") = "SoftGate.ExcelParser.Console", "SoftGate.ExcelParser.Console\SoftGate.ExcelParser.Console.csproj", "{A3DEBDF2-B4B7-4C3E-9744-7D08994584F9}"
EndProject
Project("{FAE04EC0-301F-11D3-BF4B-00C04F79EFBC}") = "SoftGate.ExcelParser.Web", "SoftGate.ExcelParser.Web\SoftGate.ExcelParser.Web.csproj", "{757F2641-798B-4715-AB93-548FD804310C}"
EndProject
Global
	GlobalSection(SolutionConfigurationPlatforms) = preSolution
		Debug|Any CPU = Debug|Any CPU
		Release|Any CPU = Release|Any CPU
	EndGlobalSection
	GlobalSection(ProjectConfigurationPlatforms) = postSolution
		{768D41B3-A88D-4B77-9560-03C657D4A94D}.Debug|Any CPU.ActiveCfg = Debug|Any CPU
		{768D41B3-A88D-4B77-9560-03C657D4A94D}.Debug|Any CPU.Build.0 = Debug|Any CPU
		{768D41B3-A88D-4B77-9560-03C657D4A94D}.Release|Any CPU.ActiveCfg = Release|Any CPU
		{768D41B3-A88D-4B77-9560-03C657D4A94D}.Release|Any CPU.Build.0 = Release|Any CPU
		{A3DEBDF2-B4B7-4C3E-9744-7D08994584F9}.Debug|Any CPU.ActiveCfg = Debug|Any CPU
		{A3DEBDF2-B4B7-4C3E-9744-7D08994584F9}.Debug|Any CPU.Build.0 = Debug|Any CPU
		{A3DEBDF2-B4B7-4C3E-9744-7D08994584F9}.Release|Any CPU.ActiveCfg = Release|Any CPU
		{A3DEBDF2-B4B7-4C3E-9744-7D08994584F9}.Release|Any CPU.Build.0 = Release|Any CPU
		{757F2641-798B-4715-AB93-548FD804310C}.Debug|Any CPU.ActiveCfg = Debug|Any CPU
		{757F2641-798B-4715-AB93-548FD804310C}.Debug|Any CPU.Build.0 = Debug|Any CPU
		{757F2641-798B-4715-AB93-548FD804310C}.Release|Any CPU.ActiveCfg = Release|Any CPU
		{757F2641-798B-4715-AB93-548FD804310C}.Release|Any CPU.Build.0 = Release|Any CPU
	EndGlobalSection
	GlobalSection(SolutionProperties) = preSolution
		HideSolutionNode = FALSE
	EndGlobalSection
EndGlobal
